
Microsoft Visual Studio Solution File, Format Version 12.00
# Visual Studio Version 16
VisualStudioVersion = 16.0.29519.181
MinimumVisualStudioVersion = 10.0.40219.1
Project("{FAE04EC0-301F-11D3-BF4B-00C04F79EFBC}") = "OER2.WebApi", "OER2.WebApi.csproj", "{08BA3021-931D-4911-A17B-808383007AC7}"
EndProject
Global
	GlobalSection(SolutionConfigurationPlatforms) = preSolution
		Debug|Any CPU = Debug|Any CPU
		Release|Any CPU = Release|Any CPU
	EndGlobalSection
	GlobalSection(ProjectConfigurationPlatforms) = postSolution
		{08BA3021-931D-4911-A17B-808383007AC7}.Debug|Any CPU.ActiveCfg = Debug|Any CPU
		{08BA3021-931D-4911-A17B-808383007AC7}.Debug|Any CPU.Build.0 = Debug|Any CPU
		{08BA3021-931D-4911-A17B-808383007AC7}.Release|Any CPU.ActiveCfg = Release|Any CPU
		{08BA3021-931D-4911-A17B-808383007AC7}.Release|Any CPU.Build.0 = Release|Any CPU
	EndGlobalSection
	GlobalSection(SolutionProperties) = preSolution
		HideSolutionNode = FALSE
	EndGlobalSection
	GlobalSection(ExtensibilityGlobals) = postSolution
		SolutionGuid = {B425EDA8-AB08-4E67-9698-9342021F22C7}
	EndGlobalSection
EndGlobal
